
Microsoft Visual Studio Solution File, Format Version 12.00
# Visual Studio Version 17
VisualStudioVersion = 17.14.36414.22 d17.14
MinimumVisualStudioVersion = 10.0.40219.1
Project("{2150E333-8FDC-42A3-9474-1A3956D46DE8}") = "Task0", "Task0", "{02EA681E-C7D8-13C7-8484-4AC65E1B71E8}"
EndProject
Project("{FAE04EC0-301F-11D3-BF4B-00C04F79EFBC}") = "Tyuiu.MolokanovNK.Sprint1.Task0.V6", "Tyuiu.MolokanovNK.Sprint1.Task0.V6\Tyuiu.MolokanovNK.Sprint1.Task0.V6.csproj", "{036B449E-E429-4C99-8CEF-E02A7AEFA5A8}"
EndProject
Project("{FAE04EC0-301F-11D3-BF4B-00C04F79EFBC}") = "Tyuiu.MolokanovNK.Sprint1.Task0.V6.Lib", "Tyuiu.MolokanovNK.Sprint1.Task0.V6.Lib\Tyuiu.MolokanovNK.Sprint1.Task0.V6.Lib.csproj", "{8FD9C5F7-8B36-4DE6-945E-64365FDC5D1C}"
EndProject
Project("{FAE04EC0-301F-11D3-BF4B-00C04F79EFBC}") = "Tyuiu.MolokanovNK.Sprint1.Task0.V6.Test", "Tyuiu.MolokanovNK.Sprint1.Task0.V6.Test\Tyuiu.MolokanovNK.Sprint1.Task0.V6.Test.csproj", "{AEC45155-D46B-4536-AC21-0572532A0C5D}"
EndProject
Project("{2150E333-8FDC-42A3-9474-1A3956D46DE8}") = "Task1", "Task1", "{AC19860D-2287-4E5D-B027-BE267B4B8B39}"
EndProject
Project("{FAE04EC0-301F-11D3-BF4B-00C04F79EFBC}") = "Tyuiu.MolokanovNK.Sprint1.Task1.V30", "Tyuiu.MolokanovNK.Sprint1.Task1.V30\Tyuiu.MolokanovNK.Sprint1.Task1.V30.csproj", "{0408CC8C-96B7-481C-9411-979C197F6B94}"
EndProject
Project("{FAE04EC0-301F-11D3-BF4B-00C04F79EFBC}") = "Tyuiu.MolokanovNK.Sprint1.Task1.V30.Lib", "Tyuiu.MolokanovNK.Sprint1.Task1.V30.Lib\Tyuiu.MolokanovNK.Sprint1.Task1.V30.Lib.csproj", "{47B26310-9E53-4EA3-8CB1-7301642445DB}"
EndProject
Project("{FAE04EC0-301F-11D3-BF4B-00C04F79EFBC}") = "Tyuiu.MolokanovNK.Sprint1.Task1.V30.Test", "Tyuiu.MolokanovNK.Sprint1.Task1.V30.Test\Tyuiu.MolokanovNK.Sprint1.Task1.V30.Test.csproj", "{BCCA8387-EE30-47A4-86B7-974CC8BAAA52}"
EndProject
Global
	GlobalSection(SolutionConfigurationPlatforms) = preSolution
		Debug|Any CPU = Debug|Any CPU
		Release|Any CPU = Release|Any CPU
	EndGlobalSection
	GlobalSection(ProjectConfigurationPlatforms) = postSolution
		{036B449E-E429-4C99-8CEF-E02A7AEFA5A8}.Debug|Any CPU.ActiveCfg = Debug|Any CPU
		{036B449E-E429-4C99-8CEF-E02A7AEFA5A8}.Debug|Any CPU.Build.0 = Debug|Any CPU
		{036B449E-E429-4C99-8CEF-E02A7AEFA5A8}.Release|Any CPU.ActiveCfg = Release|Any CPU
		{036B449E-E429-4C99-8CEF-E02A7AEFA5A8}.Release|Any CPU.Build.0 = Release|Any CPU
		{8FD9C5F7-8B36-4DE6-945E-64365FDC5D1C}.Debug|Any CPU.ActiveCfg = Debug|Any CPU
		{8FD9C5F7-8B36-4DE6-945E-64365FDC5D1C}.Debug|Any CPU.Build.0 = Debug|Any CPU
		{8FD9C5F7-8B36-4DE6-945E-64365FDC5D1C}.Release|Any CPU.ActiveCfg = Release|Any CPU
		{8FD9C5F7-8B36-4DE6-945E-64365FDC5D1C}.Release|Any CPU.Build.0 = Release|Any CPU
		{AEC45155-D46B-4536-AC21-0572532A0C5D}.Debug|Any CPU.ActiveCfg = Debug|Any CPU
		{AEC45155-D46B-4536-AC21-0572532A0C5D}.Debug|Any CPU.Build.0 = Debug|Any CPU
		{AEC45155-D46B-4536-AC21-0572532A0C5D}.Release|Any CPU.ActiveCfg = Release|Any CPU
		{AEC45155-D46B-4536-AC21-0572532A0C5D}.Release|Any CPU.Build.0 = Release|Any CPU
		{0408CC8C-96B7-481C-9411-979C197F6B94}.Debug|Any CPU.ActiveCfg = Debug|Any CPU
		{0408CC8C-96B7-481C-9411-979C197F6B94}.Debug|Any CPU.Build.0 = Debug|Any CPU
		{0408CC8C-96B7-481C-9411-979C197F6B94}.Release|Any CPU.ActiveCfg = Release|Any CPU
		{0408CC8C-96B7-481C-9411-979C197F6B94}.Release|Any CPU.Build.0 = Release|Any CPU
		{47B26310-9E53-4EA3-8CB1-7301642445DB}.Debug|Any CPU.ActiveCfg = Debug|Any CPU
		{47B26310-9E53-4EA3-8CB1-7301642445DB}.Debug|Any CPU.Build.0 = Debug|Any CPU
		{47B26310-9E53-4EA3-8CB1-7301642445DB}.Release|Any CPU.ActiveCfg = Release|Any CPU
		{47B26310-9E53-4EA3-8CB1-7301642445DB}.Release|Any CPU.Build.0 = Release|Any CPU
		{BCCA8387-EE30-47A4-86B7-974CC8BAAA52}.Debug|Any CPU.ActiveCfg = Debug|Any CPU
		{BCCA8387-EE30-47A4-86B7-974CC8BAAA52}.Debug|Any CPU.Build.0 = Debug|Any CPU
		{BCCA8387-EE30-47A4-86B7-974CC8BAAA52}.Release|Any CPU.ActiveCfg = Release|Any CPU
		{BCCA8387-EE30-47A4-86B7-974CC8BAAA52}.Release|Any CPU.Build.0 = Release|Any CPU
	EndGlobalSection
	GlobalSection(SolutionProperties) = preSolution
		HideSolutionNode = FALSE
	EndGlobalSection
	GlobalSection(NestedProjects) = preSolution
		{036B449E-E429-4C99-8CEF-E02A7AEFA5A8} = {02EA681E-C7D8-13C7-8484-4AC65E1B71E8}
		{8FD9C5F7-8B36-4DE6-945E-64365FDC5D1C} = {02EA681E-C7D8-13C7-8484-4AC65E1B71E8}
		{AEC45155-D46B-4536-AC21-0572532A0C5D} = {02EA681E-C7D8-13C7-8484-4AC65E1B71E8}
		{0408CC8C-96B7-481C-9411-979C197F6B94} = {AC19860D-2287-4E5D-B027-BE267B4B8B39}
		{47B26310-9E53-4EA3-8CB1-7301642445DB} = {AC19860D-2287-4E5D-B027-BE267B4B8B39}
		{BCCA8387-EE30-47A4-86B7-974CC8BAAA52} = {AC19860D-2287-4E5D-B027-BE267B4B8B39}
	EndGlobalSection
	GlobalSection(ExtensibilityGlobals) = postSolution
		SolutionGuid = {0060721D-C3A6-4B20-8C7C-A945C34B3BEF}
	EndGlobalSection
EndGlobal
